
Microsoft Visual Studio Solution File, Format Version 12.00
# Visual Studio Version 17
VisualStudioVersion = 17.0.31903.59
MinimumVisualStudioVersion = 10.0.40219.1
Project("{2150E333-8FDC-42A3-9474-1A3956D46DE8}") = "src", "src", "{1DC46CFB-53A3-4F79-826E-C360646CE988}"
EndProject
Project("{FAE04EC0-301F-11D3-BF4B-00C04F79EFBC}") = "MauiMvvmSample", "src\MauiMvvmSample\MauiMvvmSample.csproj", "{C579AB90-99CB-42DA-A082-0E99FB67F63D}"
EndProject
Global
	GlobalSection(SolutionConfigurationPlatforms) = preSolution
		Debug|Any CPU = Debug|Any CPU
		Release|Any CPU = Release|Any CPU
	EndGlobalSection
	GlobalSection(SolutionProperties) = preSolution
		HideSolutionNode = FALSE
	EndGlobalSection
	GlobalSection(NestedProjects) = preSolution
		{C579AB90-99CB-42DA-A082-0E99FB67F63D} = {1DC46CFB-53A3-4F79-826E-C360646CE988}
	EndGlobalSection
	GlobalSection(ProjectConfigurationPlatforms) = postSolution
		{C579AB90-99CB-42DA-A082-0E99FB67F63D}.Debug|Any CPU.ActiveCfg = Debug|Any CPU
		{C579AB90-99CB-42DA-A082-0E99FB67F63D}.Debug|Any CPU.Build.0 = Debug|Any CPU
		{C579AB90-99CB-42DA-A082-0E99FB67F63D}.Release|Any CPU.ActiveCfg = Release|Any CPU
		{C579AB90-99CB-42DA-A082-0E99FB67F63D}.Release|Any CPU.Build.0 = Release|Any CPU
	EndGlobalSection
EndGlobal
